
Microsoft Visual Studio Solution File, Format Version 12.00
# Visual Studio 15
VisualStudioVersion = 15.0.27130.2036
MinimumVisualStudioVersion = 10.0.40219.1
Project("{FAE04EC0-301F-11D3-BF4B-00C04F79EFBC}") = "UlusKerestecilik", "UlusKerestecilik\UlusKerestecilik.csproj", "{08672254-C495-48E4-AAEA-158E4800D777}"
EndProject
Global
	GlobalSection(SolutionConfigurationPlatforms) = preSolution
		Debug|Any CPU = Debug|Any CPU
		Release|Any CPU = Release|Any CPU
	EndGlobalSection
	GlobalSection(ProjectConfigurationPlatforms) = postSolution
		{08672254-C495-48E4-AAEA-158E4800D777}.Debug|Any CPU.ActiveCfg = Debug|Any CPU
		{08672254-C495-48E4-AAEA-158E4800D777}.Debug|Any CPU.Build.0 = Debug|Any CPU
		{08672254-C495-48E4-AAEA-158E4800D777}.Release|Any CPU.ActiveCfg = Release|Any CPU
		{08672254-C495-48E4-AAEA-158E4800D777}.Release|Any CPU.Build.0 = Release|Any CPU
	EndGlobalSection
	GlobalSection(SolutionProperties) = preSolution
		HideSolutionNode = FALSE
	EndGlobalSection
	GlobalSection(ExtensibilityGlobals) = postSolution
		SolutionGuid = {2E9E34A6-D9AC-4E84-874F-0ECA57EA80B2}
	EndGlobalSection
EndGlobal
